Microsoft Visual Studio Solution File, Format Version 12.00
# Visual Studio 15
VisualStudioVersion = 15.0.27130.2026
MinimumVisualStudioVersion = 15.0.26124.0
Project("{9A19103F-16F7-4668-BE54-9A1E7A4F7556}") = "MySql", "MySql\MySql.csproj", "{DB37AA9C-28EB-480F-AF53-F6C3F1C9829C}"
EndProject
Project("{9A19103F-16F7-4668-BE54-9A1E7A4F7556}") = "MySqlEF6", "MySqlEF6\MySqlEF6.csproj", "{3C461A0E-D22A-4DC4-B2DA-6F77A43AA9FF}"
EndProject
Project("{9A19103F-16F7-4668-BE54-9A1E7A4F7556}") = "MySqlEFCore", "MySqlEFCore\MySqlEFCore.csproj", "{BA61CD15-2EA2-4698-84A7-C06FB004BE8F}"
EndProject
Project("{9A19103F-16F7-4668-BE54-9A1E7A4F7556}") = "OAuth", "OAuth\OAuth.csproj", "{472F6016-4894-4DE6-84EB-2B41C734CE72}"
EndProject
Project("{9A19103F-16F7-4668-BE54-9A1E7A4F7556}") = "PostgreEFCore", "PostgreEFCore\PostgreEFCore.csproj", "{94EF01DB-3C5A-4C15-AD6A-62FFD4CB75A8}"
EndProject
Project("{9A19103F-16F7-4668-BE54-9A1E7A4F7556}") = "PostgreSql", "PostgreSql\PostgreSql.csproj", "{83165353-7714-494E-924C-F43234210AEB}"
EndProject
Project("{9A19103F-16F7-4668-BE54-9A1E7A4F7556}") = "RabbitMQ", "RabbitMQ\RabbitMQ.csproj", "{DD4878E3-43AD-4A86-89E6-6D018A89D584}"
EndProject
Project("{9A19103F-16F7-4668-BE54-9A1E7A4F7556}") = "Redis", "Redis\Redis.csproj", "{F829A220-1EE1-4E82-A807-0FB11F73FE21}"
EndProject
Project("{9A19103F-16F7-4668-BE54-9A1E7A4F7556}") = "SqlServerEFCore", "SqlServerEFCore\SqlServerEFCore.csproj", "{0D565A7E-221F-4271-8876-1A4A223F6B7D}"
EndProject
Project("{2150E333-8FDC-42A3-9474-1A3956D46DE8}") = "Solution Items", "Solution Items", "{26CDC76F-8B13-4554-9B69-F826FF4704C5}"
	ProjectSection(SolutionItems) = preProject
		SqlServerEFCore\.env = SqlServerEFCore\.env
	EndProjectSection
EndProject
Project("{2150E333-8FDC-42A3-9474-1A3956D46DE8}") = "Connectors", "Connectors", "{768C1626-D5B1-4FBE-920C-3F61767CE323}"
EndProject
Project("{9A19103F-16F7-4668-BE54-9A1E7A4F7556}") = "Steeltoe.CloudFoundry.Connector.EF6Autofac", "..\Connectors\Steeltoe.CloudFoundry.Connector.EF6Autofac\Steeltoe.CloudFoundry.Connector.EF6Autofac.csproj", "{7DE00798-4E92-460C-AADC-0E420DB7D5CA}"
EndProject
Project("{9A19103F-16F7-4668-BE54-9A1E7A4F7556}") = "Steeltoe.CloudFoundry.Connector.EF6Core", "..\Connectors\Steeltoe.CloudFoundry.Connector.EF6Core\Steeltoe.CloudFoundry.Connector.EF6Core.csproj", "{178BE96D-98CC-4636-8A6C-D4428B751EAB}"
EndProject
Project("{9A19103F-16F7-4668-BE54-9A1E7A4F7556}") = "Steeltoe.CloudFoundry.Connector.EFCore", "..\Connectors\Steeltoe.CloudFoundry.Connector.EFCore\Steeltoe.CloudFoundry.Connector.EFCore.csproj", "{8549F3C1-13CD-4732-90B1-AFC4CBB9D53F}"
EndProject
Project("{9A19103F-16F7-4668-BE54-9A1E7A4F7556}") = "Steeltoe.CloudFoundry.ConnectorAutofac", "..\Connectors\Steeltoe.CloudFoundry.ConnectorAutofac\Steeltoe.CloudFoundry.ConnectorAutofac.csproj", "{13DEDAA7-4603-40AE-9BB8-667D23715310}"
EndProject
Project("{9A19103F-16F7-4668-BE54-9A1E7A4F7556}") = "Steeltoe.CloudFoundry.ConnectorBase", "..\Connectors\Steeltoe.CloudFoundry.ConnectorBase\Steeltoe.CloudFoundry.ConnectorBase.csproj", "{3F4ED7D9-6BAF-4648-879C-2816C8C6F999}"
EndProject
Project("{9A19103F-16F7-4668-BE54-9A1E7A4F7556}") = "Steeltoe.CloudFoundry.ConnectorCore", "..\Connectors\Steeltoe.CloudFoundry.ConnectorCore\Steeltoe.CloudFoundry.ConnectorCore.csproj", "{7E87A5D4-0F3F-40BD-A22B-CA894AEA2EB9}"
EndProject
Global
	GlobalSection(SolutionConfigurationPlatforms) = preSolution
		Debug|Any CPU = Debug|Any CPU
		Debug|x64 = Debug|x64
		Debug|x86 = Debug|x86
		Release|Any CPU = Release|Any CPU
		Release|x64 = Release|x64
		Release|x86 = Release|x86
	EndGlobalSection
	GlobalSection(ProjectConfigurationPlatforms) = postSolution
		{DB37AA9C-28EB-480F-AF53-F6C3F1C9829C}.Debug|Any CPU.ActiveCfg = Debug|Any CPU
		{DB37AA9C-28EB-480F-AF53-F6C3F1C9829C}.Debug|Any CPU.Build.0 = Debug|Any CPU
		{DB37AA9C-28EB-480F-AF53-F6C3F1C9829C}.Debug|x64.ActiveCfg = Debug|Any CPU
		{DB37AA9C-28EB-480F-AF53-F6C3F1C9829C}.Debug|x64.Build.0 = Debug|Any CPU
		{DB37AA9C-28EB-480F-AF53-F6C3F1C9829C}.Debug|x86.ActiveCfg = Debug|Any CPU
		{DB37AA9C-28EB-480F-AF53-F6C3F1C9829C}.Debug|x86.Build.0 = Debug|Any CPU
		{DB37AA9C-28EB-480F-AF53-F6C3F1C9829C}.Release|Any CPU.ActiveCfg = Release|Any CPU
		{DB37AA9C-28EB-480F-AF53-F6C3F1C9829C}.Release|Any CPU.Build.0 = Release|Any CPU
		{DB37AA9C-28EB-480F-AF53-F6C3F1C9829C}.Release|x64.ActiveCfg = Release|Any CPU
		{DB37AA9C-28EB-480F-AF53-F6C3F1C9829C}.Release|x64.Build.0 = Release|Any CPU
		{DB37AA9C-28EB-480F-AF53-F6C3F1C9829C}.Release|x86.ActiveCfg = Release|Any CPU
		{DB37AA9C-28EB-480F-AF53-F6C3F1C9829C}.Release|x86.Build.0 = Release|Any CPU
		{3C461A0E-D22A-4DC4-B2DA-6F77A43AA9FF}.Debug|Any CPU.ActiveCfg = Debug|Any CPU
		{3C461A0E-D22A-4DC4-B2DA-6F77A43AA9FF}.Debug|Any CPU.Build.0 = Debug|Any CPU
		{3C461A0E-D22A-4DC4-B2DA-6F77A43AA9FF}.Debug|x64.ActiveCfg = Debug|Any CPU
		{3C461A0E-D22A-4DC4-B2DA-6F77A43AA9FF}.Debug|x64.Build.0 = Debug|Any CPU
		{3C461A0E-D22A-4DC4-B2DA-6F77A43AA9FF}.Debug|x86.ActiveCfg = Debug|Any CPU
		{3C461A0E-D22A-4DC4-B2DA-6F77A43AA9FF}.Debug|x86.Build.0 = Debug|Any CPU
		{3C461A0E-D22A-4DC4-B2DA-6F77A43AA9FF}.Release|Any CPU.ActiveCfg = Release|Any CPU
		{3C461A0E-D22A-4DC4-B2DA-6F77A43AA9FF}.Release|Any CPU.Build.0 = Release|Any CPU
		{3C461A0E-D22A-4DC4-B2DA-6F77A43AA9FF}.Release|x64.ActiveCfg = Release|Any CPU
		{3C461A0E-D22A-4DC4-B2DA-6F77A43AA9FF}.Release|x64.Build.0 = Release|Any CPU
		{3C461A0E-D22A-4DC4-B2DA-6F77A43AA9FF}.Release|x86.ActiveCfg = Release|Any CPU
		{3C461A0E-D22A-4DC4-B2DA-6F77A43AA9FF}.Release|x86.Build.0 = Release|Any CPU
		{BA61CD15-2EA2-4698-84A7-C06FB004BE8F}.Debug|Any CPU.ActiveCfg = Debug|Any CPU
		{BA61CD15-2EA2-4698-84A7-C06FB004BE8F}.Debug|Any CPU.Build.0 = Debug|Any CPU
		{BA61CD15-2EA2-4698-84A7-C06FB004BE8F}.Debug|x64.ActiveCfg = Debug|Any CPU
		{BA61CD15-2EA2-4698-84A7-C06FB004BE8F}.Debug|x64.Build.0 = Debug|Any CPU
		{BA61CD15-2EA2-4698-84A7-C06FB004BE8F}.Debug|x86.ActiveCfg = Debug|Any CPU
		{BA61CD15-2EA2-4698-84A7-C06FB004BE8F}.Debug|x86.Build.0 = Debug|Any CPU
		{BA61CD15-2EA2-4698-84A7-C06FB004BE8F}.Release|Any CPU.ActiveCfg = Release|Any CPU
		{BA61CD15-2EA2-4698-84A7-C06FB004BE8F}.Release|Any CPU.Build.0 = Release|Any CPU
		{BA61CD15-2EA2-4698-84A7-C06FB004BE8F}.Release|x64.ActiveCfg = Release|Any CPU
		{BA61CD15-2EA2-4698-84A7-C06FB004BE8F}.Release|x64.Build.0 = Release|Any CPU
		{BA61CD15-2EA2-4698-84A7-C06FB004BE8F}.Release|x86.ActiveCfg = Release|Any CPU
		{BA61CD15-2EA2-4698-84A7-C06FB004BE8F}.Release|x86.Build.0 = Release|Any CPU
		{472F6016-4894-4DE6-84EB-2B41C734CE72}.Debug|Any CPU.ActiveCfg = Debug|Any CPU
		{472F6016-4894-4DE6-84EB-2B41C734CE72}.Debug|Any CPU.Build.0 = Debug|Any CPU
		{472F6016-4894-4DE6-84EB-2B41C734CE72}.Debug|x64.ActiveCfg = Debug|Any CPU
		{472F6016-4894-4DE6-84EB-2B41C734CE72}.Debug|x64.Build.0 = Debug|Any CPU
		{472F6016-4894-4DE6-84EB-2B41C734CE72}.Debug|x86.ActiveCfg = Debug|Any CPU
		{472F6016-4894-4DE6-84EB-2B41C734CE72}.Debug|x86.Build.0 = Debug|Any CPU
		{472F6016-4894-4DE6-84EB-2B41C734CE72}.Release|Any CPU.ActiveCfg = Release|Any CPU
		{472F6016-4894-4DE6-84EB-2B41C734CE72}.Release|Any CPU.Build.0 = Release|Any CPU
		{472F6016-4894-4DE6-84EB-2B41C734CE72}.Release|x64.ActiveCfg = Release|Any CPU
		{472F6016-4894-4DE6-84EB-2B41C734CE72}.Release|x64.Build.0 = Release|Any CPU
		{472F6016-4894-4DE6-84EB-2B41C734CE72}.Release|x86.ActiveCfg = Release|Any CPU
		{472F6016-4894-4DE6-84EB-2B41C734CE72}.Release|x86.Build.0 = Release|Any CPU
		{94EF01DB-3C5A-4C15-AD6A-62FFD4CB75A8}.Debug|Any CPU.ActiveCfg = Debug|Any CPU
		{94EF01DB-3C5A-4C15-AD6A-62FFD4CB75A8}.Debug|Any CPU.Build.0 = Debug|Any CPU
		{94EF01DB-3C5A-4C15-AD6A-62FFD4CB75A8}.Debug|x64.ActiveCfg = Debug|Any CPU
		{94EF01DB-3C5A-4C15-AD6A-62FFD4CB75A8}.Debug|x64.Build.0 = Debug|Any CPU
		{94EF01DB-3C5A-4C15-AD6A-62FFD4CB75A8}.Debug|x86.ActiveCfg = Debug|Any CPU
		{94EF01DB-3C5A-4C15-AD6A-62FFD4CB75A8}.Debug|x86.Build.0 = Debug|Any CPU
		{94EF01DB-3C5A-4C15-AD6A-62FFD4CB75A8}.Release|Any CPU.ActiveCfg = Release|Any CPU
		{94EF01DB-3C5A-4C15-AD6A-62FFD4CB75A8}.Release|Any CPU.Build.0 = Release|Any CPU
		{94EF01DB-3C5A-4C15-AD6A-62FFD4CB75A8}.Release|x64.ActiveCfg = Release|Any CPU
		{94EF01DB-3C5A-4C15-AD6A-62FFD4CB75A8}.Release|x64.Build.0 = Release|Any CPU
		{94EF01DB-3C5A-4C15-AD6A-62FFD4CB75A8}.Release|x86.ActiveCfg = Release|Any CPU
		{94EF01DB-3C5A-4C15-AD6A-62FFD4CB75A8}.Release|x86.Build.0 = Release|Any CPU
		{83165353-7714-494E-924C-F43234210AEB}.Debug|Any CPU.ActiveCfg = Debug|Any CPU
		{83165353-7714-494E-924C-F43234210AEB}.Debug|Any CPU.Build.0 = Debug|Any CPU
		{83165353-7714-494E-924C-F43234210AEB}.Debug|x64.ActiveCfg = Debug|Any CPU
		{83165353-7714-494E-924C-F43234210AEB}.Debug|x64.Build.0 = Debug|Any CPU
		{83165353-7714-494E-924C-F43234210AEB}.Debug|x86.ActiveCfg = Debug|Any CPU
		{83165353-7714-494E-924C-F43234210AEB}.Debug|x86.Build.0 = Debug|Any CPU
		{83165353-7714-494E-924C-F43234210AEB}.Release|Any CPU.ActiveCfg = Release|Any CPU
		{83165353-7714-494E-924C-F43234210AEB}.Release|Any CPU.Build.0 = Release|Any CPU
		{83165353-7714-494E-924C-F43234210AEB}.Release|x64.ActiveCfg = Release|Any CPU
		{83165353-7714-494E-924C-F43234210AEB}.Release|x64.Build.0 = Release|Any CPU
		{83165353-7714-494E-924C-F43234210AEB}.Release|x86.ActiveCfg = Release|Any CPU
		{83165353-7714-494E-924C-F43234210AEB}.Release|x86.Build.0 = Release|Any CPU
		{DD4878E3-43AD-4A86-89E6-6D018A89D584}.Debug|Any CPU.ActiveCfg = Debug|Any CPU
		{DD4878E3-43AD-4A86-89E6-6D018A89D584}.Debug|Any CPU.Build.0 = Debug|Any CPU
		{DD4878E3-43AD-4A86-89E6-6D018A89D584}.Debug|x64.ActiveCfg = Debug|Any CPU
		{DD4878E3-43AD-4A86-89E6-6D018A89D584}.Debug|x64.Build.0 = Debug|Any CPU
		{DD4878E3-43AD-4A86-89E6-6D018A89D584}.Debug|x86.ActiveCfg = Debug|Any CPU
		{DD4878E3-43AD-4A86-89E6-6D018A89D584}.Debug|x86.Build.0 = Debug|Any CPU
		{DD4878E3-43AD-4A86-89E6-6D018A89D584}.Release|Any CPU.ActiveCfg = Release|Any CPU
		{DD4878E3-43AD-4A86-89E6-6D018A89D584}.Release|Any CPU.Build.0 = Release|Any CPU
		{DD4878E3-43AD-4A86-89E6-6D018A89D584}.Release|x64.ActiveCfg = Release|Any CPU
		{DD4878E3-43AD-4A86-89E6-6D018A89D584}.Release|x64.Build.0 = Release|Any CPU
		{DD4878E3-43AD-4A86-89E6-6D018A89D584}.Release|x86.ActiveCfg = Release|Any CPU
		{DD4878E3-43AD-4A86-89E6-6D018A89D584}.Release|x86.Build.0 = Release|Any CPU
		{F829A220-1EE1-4E82-A807-0FB11F73FE21}.Debug|Any CPU.ActiveCfg = Debug|Any CPU
		{F829A220-1EE1-4E82-A807-0FB11F73FE21}.Debug|Any CPU.Build.0 = Debug|Any CPU
		{F829A220-1EE1-4E82-A807-0FB11F73FE21}.Debug|x64.ActiveCfg = Debug|Any CPU
		{F829A220-1EE1-4E82-A807-0FB11F73FE21}.Debug|x64.Build.0 = Debug|Any CPU
		{F829A220-1EE1-4E82-A807-0FB11F73FE21}.Debug|x86.ActiveCfg = Debug|Any CPU
		{F829A220-1EE1-4E82-A807-0FB11F73FE21}.Debug|x86.Build.0 = Debug|Any CPU
		{F829A220-1EE1-4E82-A807-0FB11F73FE21}.Release|Any CPU.ActiveCfg = Release|Any CPU
		{F829A220-1EE1-4E82-A807-0FB11F73FE21}.Release|Any CPU.Build.0 = Release|Any CPU
		{F829A220-1EE1-4E82-A807-0FB11F73FE21}.Release|x64.ActiveCfg = Release|Any CPU
		{F829A220-1EE1-4E82-A807-0FB11F73FE21}.Release|x64.Build.0 = Release|Any CPU
		{F829A220-1EE1-4E82-A807-0FB11F73FE21}.Release|x86.ActiveCfg = Release|Any CPU
		{F829A220-1EE1-4E82-A807-0FB11F73FE21}.Release|x86.Build.0 = Release|Any CPU
		{0D565A7E-221F-4271-8876-1A4A223F6B7D}.Debug|Any CPU.ActiveCfg = Debug|Any CPU
		{0D565A7E-221F-4271-8876-1A4A223F6B7D}.Debug|Any CPU.Build.0 = Debug|Any CPU
		{0D565A7E-221F-4271-8876-1A4A223F6B7D}.Debug|x64.ActiveCfg = Debug|Any CPU
		{0D565A7E-221F-4271-8876-1A4A223F6B7D}.Debug|x64.Build.0 = Debug|Any CPU
		{0D565A7E-221F-4271-8876-1A4A223F6B7D}.Debug|x86.ActiveCfg = Debug|Any CPU
		{0D565A7E-221F-4271-8876-1A4A223F6B7D}.Debug|x86.Build.0 = Debug|Any CPU
		{0D565A7E-221F-4271-8876-1A4A223F6B7D}.Release|Any CPU.ActiveCfg = Release|Any CPU
		{0D565A7E-221F-4271-8876-1A4A223F6B7D}.Release|Any CPU.Build.0 = Release|Any CPU
		{0D565A7E-221F-4271-8876-1A4A223F6B7D}.Release|x64.ActiveCfg = Release|Any CPU
		{0D565A7E-221F-4271-8876-1A4A223F6B7D}.Release|x64.Build.0 = Release|Any CPU
		{0D565A7E-221F-4271-8876-1A4A223F6B7D}.Release|x86.ActiveCfg = Release|Any CPU
		{0D565A7E-221F-4271-8876-1A4A223F6B7D}.Release|x86.Build.0 = Release|Any CPU
		{7DE00798-4E92-460C-AADC-0E420DB7D5CA}.Debug|Any CPU.ActiveCfg = Debug|Any CPU
		{7DE00798-4E92-460C-AADC-0E420DB7D5CA}.Debug|Any CPU.Build.0 = Debug|Any CPU
		{7DE00798-4E92-460C-AADC-0E420DB7D5CA}.Debug|x64.ActiveCfg = Debug|Any CPU
		{7DE00798-4E92-460C-AADC-0E420DB7D5CA}.Debug|x64.Build.0 = Debug|Any CPU
		{7DE00798-4E92-460C-AADC-0E420DB7D5CA}.Debug|x86.ActiveCfg = Debug|Any CPU
		{7DE00798-4E92-460C-AADC-0E420DB7D5CA}.Debug|x86.Build.0 = Debug|Any CPU
		{7DE00798-4E92-460C-AADC-0E420DB7D5CA}.Release|Any CPU.ActiveCfg = Release|Any CPU
		{7DE00798-4E92-460C-AADC-0E420DB7D5CA}.Release|Any CPU.Build.0 = Release|Any CPU
		{7DE00798-4E92-460C-AADC-0E420DB7D5CA}.Release|x64.ActiveCfg = Release|Any CPU
		{7DE00798-4E92-460C-AADC-0E420DB7D5CA}.Release|x64.Build.0 = Release|Any CPU
		{7DE00798-4E92-460C-AADC-0E420DB7D5CA}.Release|x86.ActiveCfg = Release|Any CPU
		{7DE00798-4E92-460C-AADC-0E420DB7D5CA}.Release|x86.Build.0 = Release|Any CPU
		{178BE96D-98CC-4636-8A6C-D4428B751EAB}.Debug|Any CPU.ActiveCfg = Debug|Any CPU
		{178BE96D-98CC-4636-8A6C-D4428B751EAB}.Debug|Any CPU.Build.0 = Debug|Any CPU
		{178BE96D-98CC-4636-8A6C-D4428B751EAB}.Debug|x64.ActiveCfg = Debug|Any CPU
		{178BE96D-98CC-4636-8A6C-D4428B751EAB}.Debug|x64.Build.0 = Debug|Any CPU
		{178BE96D-98CC-4636-8A6C-D4428B751EAB}.Debug|x86.ActiveCfg = Debug|Any CPU
		{178BE96D-98CC-4636-8A6C-D4428B751EAB}.Debug|x86.Build.0 = Debug|Any CPU
		{178BE96D-98CC-4636-8A6C-D4428B751EAB}.Release|Any CPU.ActiveCfg = Release|Any CPU
		{178BE96D-98CC-4636-8A6C-D4428B751EAB}.Release|Any CPU.Build.0 = Release|Any CPU
		{178BE96D-98CC-4636-8A6C-D4428B751EAB}.Release|x64.ActiveCfg = Release|Any CPU
		{178BE96D-98CC-4636-8A6C-D4428B751EAB}.Release|x64.Build.0 = Release|Any CPU
		{178BE96D-98CC-4636-8A6C-D4428B751EAB}.Release|x86.ActiveCfg = Release|Any CPU
		{178BE96D-98CC-4636-8A6C-D4428B751EAB}.Release|x86.Build.0 = Release|Any CPU
		{8549F3C1-13CD-4732-90B1-AFC4CBB9D53F}.Debug|Any CPU.ActiveCfg = Debug|Any CPU
		{8549F3C1-13CD-4732-90B1-AFC4CBB9D53F}.Debug|Any CPU.Build.0 = Debug|Any CPU
		{8549F3C1-13CD-4732-90B1-AFC4CBB9D53F}.Debug|x64.ActiveCfg = Debug|Any CPU
		{8549F3C1-13CD-4732-90B1-AFC4CBB9D53F}.Debug|x64.Build.0 = Debug|Any CPU
		{8549F3C1-13CD-4732-90B1-AFC4CBB9D53F}.Debug|x86.ActiveCfg = Debug|Any CPU
		{8549F3C1-13CD-4732-90B1-AFC4CBB9D53F}.Debug|x86.Build.0 = Debug|Any CPU
		{8549F3C1-13CD-4732-90B1-AFC4CBB9D53F}.Release|Any CPU.ActiveCfg = Release|Any CPU
		{8549F3C1-13CD-4732-90B1-AFC4CBB9D53F}.Release|Any CPU.Build.0 = Release|Any CPU
		{8549F3C1-13CD-4732-90B1-AFC4CBB9D53F}.Release|x64.ActiveCfg = Release|Any CPU
		{8549F3C1-13CD-4732-90B1-AFC4CBB9D53F}.Release|x64.Build.0 = Release|Any CPU
		{8549F3C1-13CD-4732-90B1-AFC4CBB9D53F}.Release|x86.ActiveCfg = Release|Any CPU
		{8549F3C1-13CD-4732-90B1-AFC4CBB9D53F}.Release|x86.Build.0 = Release|Any CPU
		{13DEDAA7-4603-40AE-9BB8-667D23715310}.Debug|Any CPU.ActiveCfg = Debug|Any CPU
		{13DEDAA7-4603-40AE-9BB8-667D23715310}.Debug|Any CPU.Build.0 = Debug|Any CPU
		{13DEDAA7-4603-40AE-9BB8-667D23715310}.Debug|x64.ActiveCfg = Debug|Any CPU
		{13DEDAA7-4603-40AE-9BB8-667D23715310}.Debug|x64.Build.0 = Debug|Any CPU
		{13DEDAA7-4603-40AE-9BB8-667D23715310}.Debug|x86.ActiveCfg = Debug|Any CPU
		{13DEDAA7-4603-40AE-9BB8-667D23715310}.Debug|x86.Build.0 = Debug|Any CPU
		{13DEDAA7-4603-40AE-9BB8-667D23715310}.Release|Any CPU.ActiveCfg = Release|Any CPU
		{13DEDAA7-4603-40AE-9BB8-667D23715310}.Release|Any CPU.Build.0 = Release|Any CPU
		{13DEDAA7-4603-40AE-9BB8-667D23715310}.Release|x64.ActiveCfg = Release|Any CPU
		{13DEDAA7-4603-40AE-9BB8-667D23715310}.Release|x64.Build.0 = Release|Any CPU
		{13DEDAA7-4603-40AE-9BB8-667D23715310}.Release|x86.ActiveCfg = Release|Any CPU
		{13DEDAA7-4603-40AE-9BB8-667D23715310}.Release|x86.Build.0 = Release|Any CPU
		{3F4ED7D9-6BAF-4648-879C-2816C8C6F999}.Debug|Any CPU.ActiveCfg = Debug|Any CPU
		{3F4ED7D9-6BAF-4648-879C-2816C8C6F999}.Debug|Any CPU.Build.0 = Debug|Any CPU
		{3F4ED7D9-6BAF-4648-879C-2816C8C6F999}.Debug|x64.ActiveCfg = Debug|Any CPU
		{3F4ED7D9-6BAF-4648-879C-2816C8C6F999}.Debug|x64.Build.0 = Debug|Any CPU
		{3F4ED7D9-6BAF-4648-879C-2816C8C6F999}.Debug|x86.ActiveCfg = Debug|Any CPU
		{3F4ED7D9-6BAF-4648-879C-2816C8C6F999}.Debug|x86.Build.0 = Debug|Any CPU
		{3F4ED7D9-6BAF-4648-879C-2816C8C6F999}.Release|Any CPU.ActiveCfg = Release|Any CPU
		{3F4ED7D9-6BAF-4648-879C-2816C8C6F999}.Release|Any CPU.Build.0 = Release|Any CPU
		{3F4ED7D9-6BAF-4648-879C-2816C8C6F999}.Release|x64.ActiveCfg = Release|Any CPU
		{3F4ED7D9-6BAF-4648-879C-2816C8C6F999}.Release|x64.Build.0 = Release|Any CPU
		{3F4ED7D9-6BAF-4648-879C-2816C8C6F999}.Release|x86.ActiveCfg = Release|Any CPU
		{3F4ED7D9-6BAF-4648-879C-2816C8C6F999}.Release|x86.Build.0 = Release|Any CPU
		{7E87A5D4-0F3F-40BD-A22B-CA894AEA2EB9}.Debug|Any CPU.ActiveCfg = Debug|Any CPU
		{7E87A5D4-0F3F-40BD-A22B-CA894AEA2EB9}.Debug|Any CPU.Build.0 = Debug|Any CPU
		{7E87A5D4-0F3F-40BD-A22B-CA894AEA2EB9}.Debug|x64.ActiveCfg = Debug|Any CPU
		{7E87A5D4-0F3F-40BD-A22B-CA894AEA2EB9}.Debug|x64.Build.0 = Debug|Any CPU
		{7E87A5D4-0F3F-40BD-A22B-CA894AEA2EB9}.Debug|x86.ActiveCfg = Debug|Any CPU
		{7E87A5D4-0F3F-40BD-A22B-CA894AEA2EB9}.Debug|x86.Build.0 = Debug|Any CPU
		{7E87A5D4-0F3F-40BD-A22B-CA894AEA2EB9}.Release|Any CPU.ActiveCfg = Release|Any CPU
		{7E87A5D4-0F3F-40BD-A22B-CA894AEA2EB9}.Release|Any CPU.Build.0 = Release|Any CPU
		{7E87A5D4-0F3F-40BD-A22B-CA894AEA2EB9}.Release|x64.ActiveCfg = Release|Any CPU
		{7E87A5D4-0F3F-40BD-A22B-CA894AEA2EB9}.Release|x64.Build.0 = Release|Any CPU
		{7E87A5D4-0F3F-40BD-A22B-CA894AEA2EB9}.Release|x86.ActiveCfg = Release|Any CPU
		{7E87A5D4-0F3F-40BD-A22B-CA894AEA2EB9}.Release|x86.Build.0 = Release|Any CPU
	EndGlobalSection
	GlobalSection(SolutionProperties) = preSolution
		HideSolutionNode = FALSE
	EndGlobalSection
	GlobalSection(NestedProjects) = preSolution
		{7DE00798-4E92-460C-AADC-0E420DB7D5CA} = {768C1626-D5B1-4FBE-920C-3F61767CE323}
		{178BE96D-98CC-4636-8A6C-D4428B751EAB} = {768C1626-D5B1-4FBE-920C-3F61767CE323}
		{8549F3C1-13CD-4732-90B1-AFC4CBB9D53F} = {768C1626-D5B1-4FBE-920C-3F61767CE323}
		{13DEDAA7-4603-40AE-9BB8-667D23715310} = {768C1626-D5B1-4FBE-920C-3F61767CE323}
		{3F4ED7D9-6BAF-4648-879C-2816C8C6F999} = {768C1626-D5B1-4FBE-920C-3F61767CE323}
		{7E87A5D4-0F3F-40BD-A22B-CA894AEA2EB9} = {768C1626-D5B1-4FBE-920C-3F61767CE323}
	EndGlobalSection
	GlobalSection(ExtensibilityGlobals) = postSolution
		SolutionGuid = {20A5E3F4-9F66-4130-BB2B-F1BBE8BB4FCB}
	EndGlobalSection
EndGlobal
